// !$*UTF8*$!
{
	archiveVersion = 1;
	classes = {
	};
	objectVersion = 51;
	objects = {

/* Begin PBXBuildFile section */
		BAD9836C16553BA8B6D8F5F2 /* Pods_XMDB.framework in Frameworks */ = {isa = PBXBuildFile; fileRef = EDAF6A2094D90C08FBFBFD75 /* Pods_XMDB.framework */; };
		E83C2DE32660C91100E2B4F1 /* AppDelegate.swift in Sources */ = {isa = PBXBuildFile; fileRef = E83C2DE22660C91100E2B4F1 /* AppDelegate.swift */; };
		E83C2DE72660C91100E2B4F1 /* ViewController.swift in Sources */ = {isa = PBXBuildFile; fileRef = E83C2DE62660C91100E2B4F1 /* ViewController.swift */; };
		E83C2DEA2660C91100E2B4F1 /* Main.storyboard in Resources */ = {isa = PBXBuildFile; fileRef = E83C2DE82660C91100E2B4F1 /* Main.storyboard */; };
		E83C2DEC2660C91400E2B4F1 /* Assets.xcassets in Resources */ = {isa = PBXBuildFile; fileRef = E83C2DEB2660C91400E2B4F1 /* Assets.xcassets */; };
		E83C2DEF2660C91400E2B4F1 /* LaunchScreen.storyboard in Resources */ = {isa = PBXBuildFile; fileRef = E83C2DED2660C91400E2B4F1 /* LaunchScreen.storyboard */; };
		E8888EF9266733AC00C8A918 /* XMDBModelTool.swift in Sources */ = {isa = PBXBuildFile; fileRef = E8888EF6266733AC00C8A918 /* XMDBModelTool.swift */; };
		E8888EFA266733AC00C8A918 /* XMDBModelMap.swift in Sources */ = {isa = PBXBuildFile; fileRef = E8888EF7266733AC00C8A918 /* XMDBModelMap.swift */; };
		E8888EFB266733AC00C8A918 /* XMFMDB.swift in Sources */ = {isa = PBXBuildFile; fileRef = E8888EF8266733AC00C8A918 /* XMFMDB.swift */; };
		E8BD3B33266DF7F50008548A /* amap_city_code.db in Resources */ = {isa = PBXBuildFile; fileRef = E8BD3B32266DF7F50008548A /* amap_city_code.db */; };
		E8BD3B35266DF8260008548A /* XMCityUtil.swift in Sources */ = {isa = PBXBuildFile; fileRef = E8BD3B34266DF8260008548A /* XMCityUtil.swift */; };
		E8FFA4EB2666392F004B99BB /* FMDB.framework in Frameworks */ = {isa = PBXBuildFile; fileRef = E8FFA4EA2666392F004B99BB /* FMDB.framework */; };
/* End PBXBuildFile section */

/* Begin PBXFileReference section */
		219F2E5FF9217C2942D270B2 /* Pods-XMDB.debug.xcconfig */ = {isa = PBXFileReference; includeInIndex = 1; lastKnownFileType = text.xcconfig; name = "Pods-XMDB.debug.xcconfig"; path = "Target Support Files/Pods-XMDB/Pods-XMDB.debug.xcconfig"; sourceTree = "<group>"; };
		E83C2DDF2660C91100E2B4F1 /* XMDB.app */ = {isa = PBXFileReference; explicitFileType = wrapper.application; includeInIndex = 0; path = XMDB.app; sourceTree = BUILT_PRODUCTS_DIR; };
		E83C2DE22660C91100E2B4F1 /* AppDelegate.swift */ = {isa = PBXFileReference; lastKnownFileType = sourcecode.swift; path = AppDelegate.swift; sourceTree = "<group>"; };
		E83C2DE62660C91100E2B4F1 /* ViewController.swift */ = {isa = PBXFileReference; lastKnownFileType = sourcecode.swift; path = ViewController.swift; sourceTree = "<group>"; };
		E83C2DE92660C91100E2B4F1 /* Base */ = {isa = PBXFileReference; lastKnownFileType = file.storyboard; name = Base; path = Base.lproj/Main.storyboard; sourceTree = "<group>"; };
		E83C2DEB2660C91400E2B4F1 /* Assets.xcassets */ = {isa = PBXFileReference; lastKnownFileType = folder.assetcatalog; path = Assets.xcassets; sourceTree = "<group>"; };
		E83C2DEE2660C91400E2B4F1 /* Base */ = {isa = PBXFileReference; lastKnownFileType = file.storyboard; name = Base; path = Base.lproj/LaunchScreen.storyboard; sourceTree = "<group>"; };
		E83C2DF02660C91400E2B4F1 /* Info.plist */ = {isa = PBXFileReference; lastKnownFileType = text.plist.xml; path = Info.plist; sourceTree = "<group>"; };
		E83C2DF72660CAD300E2B4F1 /* Bridgh.h */ = {isa = PBXFileReference; lastKnownFileType = sourcecode.c.h; path = Bridgh.h; sourceTree = "<group>"; };
		E8888EF6266733AC00C8A918 /* XMDBModelTool.swift */ = {isa = PBXFileReference; fileEncoding = 4; lastKnownFileType = sourcecode.swift; path = XMDBModelTool.swift; sourceTree = "<group>"; };
		E8888EF7266733AC00C8A918 /* XMDBModelMap.swift */ = {isa = PBXFileReference; fileEncoding = 4; lastKnownFileType = sourcecode.swift; path = XMDBModelMap.swift; sourceTree = "<group>"; };
		E8888EF8266733AC00C8A918 /* XMFMDB.swift */ = {isa = PBXFileReference; fileEncoding = 4; lastKnownFileType = sourcecode.swift; path = XMFMDB.swift; sourceTree = "<group>"; };
		E8BD3B32266DF7F50008548A /* amap_city_code.db */ = {isa = PBXFileReference; lastKnownFileType = file; path = amap_city_code.db; sourceTree = "<group>"; };
		E8BD3B34266DF8260008548A /* XMCityUtil.swift */ = {isa = PBXFileReference; lastKnownFileType = sourcecode.swift; path = XMCityUtil.swift; sourceTree = "<group>"; };
		E8FFA4EA2666392F004B99BB /* FMDB.framework */ = {isa = PBXFileReference; lastKnownFileType = wrapper.framework; path = FMDB.framework; sourceTree = "<group>"; };
		EDAF6A2094D90C08FBFBFD75 /* Pods_XMDB.framework */ = {isa = PBXFileReference; explicitFileType = wrapper.framework; includeInIndex = 0; path = Pods_XMDB.framework; sourceTree = BUILT_PRODUCTS_DIR; };
		F46F1054AFACA25199405D7E /* Pods-XMDB.release.xcconfig */ = {isa = PBXFileReference; includeInIndex = 1; lastKnownFileType = text.xcconfig; name = "Pods-XMDB.release.xcconfig"; path = "Target Support Files/Pods-XMDB/Pods-XMDB.release.xcconfig"; sourceTree = "<group>"; };
/* End PBXFileReference section */

/* Begin PBXFrameworksBuildPhase section */
		E83C2DDC2660C91100E2B4F1 /* Frameworks */ = {
			isa = PBXFrameworksBuildPhase;
			buildActionMask = 2147483647;
			files = (
				BAD9836C16553BA8B6D8F5F2 /* Pods_XMDB.framework in Frameworks */,
				E8FFA4EB2666392F004B99BB /* FMDB.framework in Frameworks */,
			);
			runOnlyForDeploymentPostprocessing = 0;
		};
/* End PBXFrameworksBuildPhase section */

/* Begin PBXGroup section */
		1C594A51FB14AE74CE547BF7 /* Pods */ = {
			isa = PBXGroup;
			children = (
				219F2E5FF9217C2942D270B2 /* Pods-XMDB.debug.xcconfig */,
				F46F1054AFACA25199405D7E /* Pods-XMDB.release.xcconfig */,
			);
			path = Pods;
			sourceTree = "<group>";
		};
		DFC3177C133FF9518C46FA7D /* Frameworks */ = {
			isa = PBXGroup;
			children = (
				EDAF6A2094D90C08FBFBFD75 /* Pods_XMDB.framework */,
			);
			name = Frameworks;
			sourceTree = "<group>";
		};
		E83C2DD62660C91100E2B4F1 = {
			isa = PBXGroup;
			children = (
				E83C2DE12660C91100E2B4F1 /* XMDB */,
				E83C2DE02660C91100E2B4F1 /* Products */,
				1C594A51FB14AE74CE547BF7 /* Pods */,
				DFC3177C133FF9518C46FA7D /* Frameworks */,
			);
			sourceTree = "<group>";
		};
		E83C2DE02660C91100E2B4F1 /* Products */ = {
			isa = PBXGroup;
			children = (
				E83C2DDF2660C91100E2B4F1 /* XMDB.app */,
			);
			name = Products;
			sourceTree = "<group>";
		};
		E83C2DE12660C91100E2B4F1 /* XMDB */ = {
			isa = PBXGroup;
			children = (
				E8BD3B31266DF7C10008548A /* XMCityUtil */,
				E8FFA4E92666392F004B99BB /* Vendors */,
				E83C2DF72660CAD300E2B4F1 /* Bridgh.h */,
				E83C2DF62660CAAB00E2B4F1 /* XMDB */,
				E83C2DE22660C91100E2B4F1 /* AppDelegate.swift */,
				E83C2DE62660C91100E2B4F1 /* ViewController.swift */,
				E83C2DE82660C91100E2B4F1 /* Main.storyboard */,
				E83C2DEB2660C91400E2B4F1 /* Assets.xcassets */,
				E83C2DED2660C91400E2B4F1 /* LaunchScreen.storyboard */,
				E83C2DF02660C91400E2B4F1 /* Info.plist */,
			);
			path = XMDB;
			sourceTree = "<group>";
		};
		E83C2DF62660CAAB00E2B4F1 /* XMDB */ = {
			isa = PBXGroup;
			children = (
				E8888EF7266733AC00C8A918 /* XMDBModelMap.swift */,
				E8888EF6266733AC00C8A918 /* XMDBModelTool.swift */,
				E8888EF8266733AC00C8A918 /* XMFMDB.swift */,
			);
			path = XMDB;
			sourceTree = "<group>";
		};
		E8BD3B31266DF7C10008548A /* XMCityUtil */ = {
			isa = PBXGroup;
			children = (
				E8BD3B32266DF7F50008548A /* amap_city_code.db */,
				E8BD3B34266DF8260008548A /* XMCityUtil.swift */,
			);
			path = XMCityUtil;
			sourceTree = "<group>";
		};
		E8FFA4E92666392F004B99BB /* Vendors */ = {
			isa = PBXGroup;
			children = (
				E8FFA4EA2666392F004B99BB /* FMDB.framework */,
			);
			path = Vendors;
			sourceTree = "<group>";
		};
/* End PBXGroup section */

/* Begin PBXNativeTarget section */
		E83C2DDE2660C91100E2B4F1 /* XMDB */ = {
			isa = PBXNativeTarget;
			buildConfigurationList = E83C2DF32660C91400E2B4F1 /* Build configuration list for PBXNativeTarget "XMDB" */;
			buildPhases = (
				70F72471978695D571080AA0 /* [CP] Check Pods Manifest.lock */,
				E83C2DDB2660C91100E2B4F1 /* Sources */,
				E83C2DDC2660C91100E2B4F1 /* Frameworks */,
				E83C2DDD2660C91100E2B4F1 /* Resources */,
				19644EEE7E98A2AC81B158B6 /* [CP] Embed Pods Frameworks */,
			);
			buildRules = (
			);
			dependencies = (
			);
			name = XMDB;
			productName = XMDB;
			productReference = E83C2DDF2660C91100E2B4F1 /* XMDB.app */;
			productType = "com.apple.product-type.application";
		};
/* End PBXNativeTarget section */

/* Begin PBXProject section */
		E83C2DD72660C91100E2B4F1 /* Project object */ = {
			isa = PBXProject;
			attributes = {
				LastSwiftUpdateCheck = 1250;
				LastUpgradeCheck = 1250;
				TargetAttributes = {
					E83C2DDE2660C91100E2B4F1 = {
						CreatedOnToolsVersion = 12.5;
					};
				};
			};
			buildConfigurationList = E83C2DDA2660C91100E2B4F1 /* Build configuration list for PBXProject "XMDB" */;
			compatibilityVersion = "Xcode 9.3";
			developmentRegion = en;
			hasScannedForEncodings = 0;
			knownRegions = (
				en,
				Base,
			);
			mainGroup = E83C2DD62660C91100E2B4F1;
			productRefGroup = E83C2DE02660C91100E2B4F1 /* Products */;
			projectDirPath = "";
			projectRoot = "";
			targets = (
				E83C2DDE2660C91100E2B4F1 /* XMDB */,
			);
		};
/* End PBXProject section */

/* Begin PBXResourcesBuildPhase section */
		E83C2DDD2660C91100E2B4F1 /* Resources */ = {
			isa = PBXResourcesBuildPhase;
			buildActionMask = 2147483647;
			files = (
				E83C2DEF2660C91400E2B4F1 /* LaunchScreen.storyboard in Resources */,
				E83C2DEC2660C91400E2B4F1 /* Assets.xcassets in Resources */,
				E8BD3B33266DF7F50008548A /* amap_city_code.db in Resources */,
				E83C2DEA2660C91100E2B4F1 /* Main.storyboard in Resources */,
			);
			runOnlyForDeploymentPostprocessing = 0;
		};
/* End PBXResourcesBuildPhase section */

/* Begin PBXShellScriptBuildPhase section */
		19644EEE7E98A2AC81B158B6 /* [CP] Embed Pods Frameworks */ = {
			isa = PBXShellScriptBuildPhase;
			buildActionMask = 2147483647;
			files = (
			);
			inputFileListPaths = (
				"${PODS_ROOT}/Target Support Files/Pods-XMDB/Pods-XMDB-frameworks-${CONFIGURATION}-input-files.xcfilelist",
			);
			name = "[CP] Embed Pods Frameworks";
			outputFileListPaths = (
				"${PODS_ROOT}/Target Support Files/Pods-XMDB/Pods-XMDB-frameworks-${CONFIGURATION}-output-files.xcfilelist",
			);
			runOnlyForDeploymentPostprocessing = 0;
			shellPath = /bin/sh;
			shellScript = "\"${PODS_ROOT}/Target Support Files/Pods-XMDB/Pods-XMDB-frameworks.sh\"\n";
			showEnvVarsInLog = 0;
		};
		70F72471978695D571080AA0 /* [CP] Check Pods Manifest.lock */ = {
			isa = PBXShellScriptBuildPhase;
			buildActionMask = 2147483647;
			files = (
			);
			inputFileListPaths = (
			);
			inputPaths = (
				"${PODS_PODFILE_DIR_PATH}/Podfile.lock",
				"${PODS_ROOT}/Manifest.lock",
			);
			name = "[CP] Check Pods Manifest.lock";
			outputFileListPaths = (
			);
			outputPaths = (
				"$(DERIVED_FILE_DIR)/Pods-XMDB-checkManifestLockResult.txt",
			);
			runOnlyForDeploymentPostprocessing = 0;
			shellPath = /bin/sh;
			shellScript = "diff \"${PODS_PODFILE_DIR_PATH}/Podfile.lock\" \"${PODS_ROOT}/Manifest.lock\" > /dev/null\nif [ $? != 0 ] ; then\n    # print error to STDERR\n    echo \"error: The sandbox is not in sync with the Podfile.lock. Run 'pod install' or update your CocoaPods installation.\" >&2\n    exit 1\nfi\n# This output is used by Xcode 'outputs' to avoid re-running this script phase.\necho \"SUCCESS\" > \"${SCRIPT_OUTPUT_FILE_0}\"\n";
			showEnvVarsInLog = 0;
		};
/* End PBXShellScriptBuildPhase section */

/* Begin PBXSourcesBuildPhase section */
		E83C2DDB2660C91100E2B4F1 /* Sources */ = {
			isa = PBXSourcesBuildPhase;
			buildActionMask = 2147483647;
			files = (
				E8888EF9266733AC00C8A918 /* XMDBModelTool.swift in Sources */,
				E8888EFB266733AC00C8A918 /* XMFMDB.swift in Sources */,
				E8BD3B35266DF8260008548A /* XMCityUtil.swift in Sources */,
				E8888EFA266733AC00C8A918 /* XMDBModelMap.swift in Sources */,
				E83C2DE72660C91100E2B4F1 /* ViewController.swift in Sources */,
				E83C2DE32660C91100E2B4F1 /* AppDelegate.swift in Sources */,
			);
			runOnlyForDeploymentPostprocessing = 0;
		};
/* End PBXSourcesBuildPhase section */

/* Begin PBXVariantGroup section */
		E83C2DE82660C91100E2B4F1 /* Main.storyboard */ = {
			isa = PBXVariantGroup;
			children = (
				E83C2DE92660C91100E2B4F1 /* Base */,
			);
			name = Main.storyboard;
			sourceTree = "<group>";
		};
		E83C2DED2660C91400E2B4F1 /* LaunchScreen.storyboard */ = {
			isa = PBXVariantGroup;
			children = (
				E83C2DEE2660C91400E2B4F1 /* Base */,
			);
			name = LaunchScreen.storyboard;
			sourceTree = "<group>";
		};
/* End PBXVariantGroup section */

/* Begin XCBuildConfiguration section */
		E83C2DF12660C91400E2B4F1 /* Debug */ = {
			isa = XCBuildConfiguration;
			buildSettings = {
				ALWAYS_SEARCH_USER_PATHS = NO;
				CLANG_ANALYZER_NONNULL = YES;
				CLANG_ANALYZER_NUMBER_OBJECT_CONVERSION = YES_AGGRESSIVE;
				CLANG_CXX_LANGUAGE_STANDARD = "gnu++14";
				CLANG_CXX_LIBRARY = "libc++";
				CLANG_ENABLE_MODULES = YES;
				CLANG_ENABLE_OBJC_ARC = YES;
				CLANG_ENABLE_OBJC_WEAK = YES;
				CLANG_WARN_BLOCK_CAPTURE_AUTORELEASING = YES;
				CLANG_WARN_BOOL_CONVERSION = YES;
				CLANG_WARN_COMMA = YES;
				CLANG_WARN_CONSTANT_CONVERSION = YES;
				CLANG_WARN_DEPRECATED_OBJC_IMPLEMENTATIONS = YES;
				CLANG_WARN_DIRECT_OBJC_ISA_USAGE = YES_ERROR;
				CLANG_WARN_DOCUMENTATION_COMMENTS = YES;
				CLANG_WARN_EMPTY_BODY = YES;
				CLANG_WARN_ENUM_CONVERSION = YES;
				CLANG_WARN_INFINITE_RECURSION = YES;
				CLANG_WARN_INT_CONVERSION = YES;
				CLANG_WARN_NON_LITERAL_NULL_CONVERSION = YES;
				CLANG_WARN_OBJC_IMPLICIT_RETAIN_SELF = YES;
				CLANG_WARN_OBJC_LITERAL_CONVERSION = YES;
				CLANG_WARN_OBJC_ROOT_CLASS = YES_ERROR;
				CLANG_WARN_QUOTED_INCLUDE_IN_FRAMEWORK_HEADER = YES;
				CLANG_WARN_RANGE_LOOP_ANALYSIS = YES;
				CLANG_WARN_STRICT_PROTOTYPES = YES;
				CLANG_WARN_SUSPICIOUS_MOVE = YES;
				CLANG_WARN_UNGUARDED_AVAILABILITY = YES_AGGRESSIVE;
				CLANG_WARN_UNREACHABLE_CODE = YES;
				CLANG_WARN__DUPLICATE_METHOD_MATCH = YES;
				COPY_PHASE_STRIP = NO;
				DEBUG_INFORMATION_FORMAT = dwarf;
				ENABLE_STRICT_OBJC_MSGSEND = YES;
				ENABLE_TESTABILITY = YES;
				GCC_C_LANGUAGE_STANDARD = gnu11;
				GCC_DYNAMIC_NO_PIC = NO;
				GCC_NO_COMMON_BLOCKS = YES;
				GCC_OPTIMIZATION_LEVEL = 0;
				GCC_PREPROCESSOR_DEFINITIONS = (
					"DEBUG=1",
					"$(inherited)",
				);
				GCC_WARN_64_TO_32_BIT_CONVERSION = YES;
				GCC_WARN_ABOUT_RETURN_TYPE = YES_ERROR;
				GCC_WARN_UNDECLARED_SELECTOR = YES;
				GCC_WARN_UNINITIALIZED_AUTOS = YES_AGGRESSIVE;
				GCC_WARN_UNUSED_FUNCTION = YES;
				GCC_WARN_UNUSED_VARIABLE = YES;
				IPHONEOS_DEPLOYMENT_TARGET = 14.5;
				MTL_ENABLE_DEBUG_INFO = INCLUDE_SOURCE;
				MTL_FAST_MATH = YES;
				ONLY_ACTIVE_ARCH = YES;
				SDKROOT = iphoneos;
				SWIFT_ACTIVE_COMPILATION_CONDITIONS = DEBUG;
				SWIFT_OPTIMIZATION_LEVEL = "-Onone";
			};
			name = Debug;
		};
		E83C2DF22660C91400E2B4F1 /* Release */ = {
			isa = XCBuildConfiguration;
			buildSettings = {
				ALWAYS_SEARCH_USER_PATHS = NO;
				CLANG_ANALYZER_NONNULL = YES;
				CLANG_ANALYZER_NUMBER_OBJECT_CONVERSION = YES_AGGRESSIVE;
				CLANG_CXX_LANGUAGE_STANDARD = "gnu++14";
				CLANG_CXX_LIBRARY = "libc++";
				CLANG_ENABLE_MODULES = YES;
				CLANG_ENABLE_OBJC_ARC = YES;
				CLANG_ENABLE_OBJC_WEAK = YES;
				CLANG_WARN_BLOCK_CAPTURE_AUTORELEASING = YES;
				CLANG_WARN_BOOL_CONVERSION = YES;
				CLANG_WARN_COMMA = YES;
				CLANG_WARN_CONSTANT_CONVERSION = YES;
				CLANG_WARN_DEPRECATED_OBJC_IMPLEMENTATIONS = YES;
				CLANG_WARN_DIRECT_OBJC_ISA_USAGE = YES_ERROR;
				CLANG_WARN_DOCUMENTATION_COMMENTS = YES;
				CLANG_WARN_EMPTY_BODY = YES;
				CLANG_WARN_ENUM_CONVERSION = YES;
				CLANG_WARN_INFINITE_RECURSION = YES;
				CLANG_WARN_INT_CONVERSION = YES;
				CLANG_WARN_NON_LITERAL_NULL_CONVERSION = YES;
				CLANG_WARN_OBJC_IMPLICIT_RETAIN_SELF = YES;
				CLANG_WARN_OBJC_LITERAL_CONVERSION = YES;
				CLANG_WARN_OBJC_ROOT_CLASS = YES_ERROR;
				CLANG_WARN_QUOTED_INCLUDE_IN_FRAMEWORK_HEADER = YES;
				CLANG_WARN_RANGE_LOOP_ANALYSIS = YES;
				CLANG_WARN_STRICT_PROTOTYPES = YES;
				CLANG_WARN_SUSPICIOUS_MOVE = YES;
				CLANG_WARN_UNGUARDED_AVAILABILITY = YES_AGGRESSIVE;
				CLANG_WARN_UNREACHABLE_CODE = YES;
				CLANG_WARN__DUPLICATE_METHOD_MATCH = YES;
				COPY_PHASE_STRIP = NO;
				DEBUG_INFORMATION_FORMAT = "dwarf-with-dsym";
				ENABLE_NS_ASSERTIONS = NO;
				ENABLE_STRICT_OBJC_MSGSEND = YES;
				GCC_C_LANGUAGE_STANDARD = gnu11;
				GCC_NO_COMMON_BLOCKS = YES;
				GCC_WARN_64_TO_32_BIT_CONVERSION = YES;
				GCC_WARN_ABOUT_RETURN_TYPE = YES_ERROR;
				GCC_WARN_UNDECLARED_SELECTOR = YES;
				GCC_WARN_UNINITIALIZED_AUTOS = YES_AGGRESSIVE;
				GCC_WARN_UNUSED_FUNCTION = YES;
				GCC_WARN_UNUSED_VARIABLE = YES;
				IPHONEOS_DEPLOYMENT_TARGET = 14.5;
				MTL_ENABLE_DEBUG_INFO = NO;
				MTL_FAST_MATH = YES;
				SDKROOT = iphoneos;
				SWIFT_COMPILATION_MODE = wholemodule;
				SWIFT_OPTIMIZATION_LEVEL = "-O";
				VALIDATE_PRODUCT = YES;
			};
			name = Release;
		};
		E83C2DF42660C91400E2B4F1 /* Debug */ = {
			isa = XCBuildConfiguration;
			baseConfigurationReference = 219F2E5FF9217C2942D270B2 /* Pods-XMDB.debug.xcconfig */;
			buildSettings = {
				ASSETCATALOG_COMPILER_APPICON_NAME = AppIcon;
				ASSETCATALOG_COMPILER_GLOBAL_ACCENT_COLOR_NAME = AccentColor;
				CODE_SIGN_STYLE = Automatic;
				DEVELOPMENT_TEAM = KU7JG9F373;
				FRAMEWORK_SEARCH_PATHS = (
					"$(inherited)",
					"$(PROJECT_DIR)/XMDB/Vendors",
				);
				INFOPLIST_FILE = XMDB/Info.plist;
				IPHONEOS_DEPLOYMENT_TARGET = 10.0;
				LD_RUNPATH_SEARCH_PATHS = (
					"$(inherited)",
					"@executable_path/Frameworks",
				);
				PRODUCT_BUNDLE_IDENTIFIER = com.zlib.apptest.XMDB;
				PRODUCT_NAME = "$(TARGET_NAME)";
				SWIFT_OBJC_BRIDGING_HEADER = "$(SRCROOT)/XMDB/Bridgh.h";
				SWIFT_VERSION = 5.0;
				TARGETED_DEVICE_FAMILY = 1;
			};
			name = Debug;
		};
		E83C2DF52660C91400E2B4F1 /* Release */ = {
			isa = XCBuildConfiguration;
			baseConfigurationReference = F46F1054AFACA25199405D7E /* Pods-XMDB.release.xcconfig */;
			buildSettings = {
				ASSETCATALOG_COMPILER_APPICON_NAME = AppIcon;
				ASSETCATALOG_COMPILER_GLOBAL_ACCENT_COLOR_NAME = AccentColor;
				CODE_SIGN_STYLE = Automatic;
				DEVELOPMENT_TEAM = KU7JG9F373;
				FRAMEWORK_SEARCH_PATHS = (
					"$(inherited)",
					"$(PROJECT_DIR)/XMDB/Vendors",
				);
				INFOPLIST_FILE = XMDB/Info.plist;
				IPHONEOS_DEPLOYMENT_TARGET = 10.0;
				LD_RUNPATH_SEARCH_PATHS = (
					"$(inherited)",
					"@executable_path/Frameworks",
				);
				PRODUCT_BUNDLE_IDENTIFIER = com.zlib.apptest.XMDB;
				PRODUCT_NAME = "$(TARGET_NAME)";
				SWIFT_OBJC_BRIDGING_HEADER = "$(SRCROOT)/XMDB/Bridgh.h";
				SWIFT_VERSION = 5.0;
				TARGETED_DEVICE_FAMILY = 1;
			};
			name = Release;
		};
/* End XCBuildConfiguration section */

/* Begin XCConfigurationList section */
		E83C2DDA2660C91100E2B4F1 /* Build configuration list for PBXProject "XMDB" */ = {
			isa = XCConfigurationList;
			buildConfigurations = (
				E83C2DF12660C91400E2B4F1 /* Debug */,
				E83C2DF22660C91400E2B4F1 /* Release */,
			);
			defaultConfigurationIsVisible = 0;
			defaultConfigurationName = Release;
		};
		E83C2DF32660C91400E2B4F1 /* Build configuration list for PBXNativeTarget "XMDB" */ = {
			isa = XCConfigurationList;
			buildConfigurations = (
				E83C2DF42660C91400E2B4F1 /* Debug */,
				E83C2DF52660C91400E2B4F1 /* Release */,
			);
			defaultConfigurationIsVisible = 0;
			defaultConfigurationName = Release;
		};
/* End XCConfigurationList section */
	};
	rootObject = E83C2DD72660C91100E2B4F1 /* Project object */;
}
